// !$*UTF8*$!
{
	archiveVersion = 1;
	classes = {
	};
	objectVersion = 48;
	objects = {

/* Begin PBXBuildFile section */
		05E59D4624DD5ADDBEC9816B /* Pods_Trvl_PC.framework in Frameworks */ = {isa = PBXBuildFile; fileRef = 0DC05E092CE3AF69AA716A53 /* Pods_Trvl_PC.framework */; };
		A4679BA81FC09F5700BB4989 /* AppDelegate.swift in Sources */ = {isa = PBXBuildFile; fileRef = A4679BA71FC09F5700BB4989 /* AppDelegate.swift */; };
		A4679BAD1FC09F5700BB4989 /* Main.storyboard in Resources */ = {isa = PBXBuildFile; fileRef = A4679BAB1FC09F5700BB4989 /* Main.storyboard */; };
		A4679BAF1FC09F5700BB4989 /* Assets.xcassets in Resources */ = {isa = PBXBuildFile; fileRef = A4679BAE1FC09F5700BB4989 /* Assets.xcassets */; };
		A4679BB21FC09F5700BB4989 /* LaunchScreen.storyboard in Resources */ = {isa = PBXBuildFile; fileRef = A4679BB01FC09F5700BB4989 /* LaunchScreen.storyboard */; };
		A4C49AE31FC262C600B9060E /* GradientView.swift in Sources */ = {isa = PBXBuildFile; fileRef = A4C49AE21FC262C600B9060E /* GradientView.swift */; };
		A4C49AE51FC266E600B9060E /* RequestRideController.swift in Sources */ = {isa = PBXBuildFile; fileRef = A4C49AE41FC266E600B9060E /* RequestRideController.swift */; };
		A4DEAB9F1FC295B5007FDF26 /* RoundImageView.swift in Sources */ = {isa = PBXBuildFile; fileRef = A4DEAB9E1FC295B5007FDF26 /* RoundImageView.swift */; };
		A4DEABA11FC2992B007FDF26 /* RoundedShadowView.swift in Sources */ = {isa = PBXBuildFile; fileRef = A4DEABA01FC2992B007FDF26 /* RoundedShadowView.swift */; };
		A4DEABA31FC29A84007FDF26 /* CircleView.swift in Sources */ = {isa = PBXBuildFile; fileRef = A4DEABA21FC29A84007FDF26 /* CircleView.swift */; };
		A4DEABA51FC29D53007FDF26 /* RoundedShadowButton.swift in Sources */ = {isa = PBXBuildFile; fileRef = A4DEABA41FC29D53007FDF26 /* RoundedShadowButton.swift */; };
/* End PBXBuildFile section */

/* Begin PBXFileReference section */
		0DC05E092CE3AF69AA716A53 /* Pods_Trvl_PC.framework */ = {isa = PBXFileReference; explicitFileType = wrapper.framework; includeInIndex = 0; path = Pods_Trvl_PC.framework; sourceTree = BUILT_PRODUCTS_DIR; };
		814611AB31B9C9F6CDBC6480 /* Pods-Trvl PC.release.xcconfig */ = {isa = PBXFileReference; includeInIndex = 1; lastKnownFileType = text.xcconfig; name = "Pods-Trvl PC.release.xcconfig"; path = "Pods/Target Support Files/Pods-Trvl PC/Pods-Trvl PC.release.xcconfig"; sourceTree = "<group>"; };
		A4679BA41FC09F5700BB4989 /* Trvl PC.app */ = {isa = PBXFileReference; explicitFileType = wrapper.application; includeInIndex = 0; path = "Trvl PC.app"; sourceTree = BUILT_PRODUCTS_DIR; };
		A4679BA71FC09F5700BB4989 /* AppDelegate.swift */ = {isa = PBXFileReference; lastKnownFileType = sourcecode.swift; path = AppDelegate.swift; sourceTree = "<group>"; };
		A4679BAC1FC09F5700BB4989 /* Base */ = {isa = PBXFileReference; lastKnownFileType = file.storyboard; name = Base; path = Base.lproj/Main.storyboard; sourceTree = "<group>"; };
		A4679BAE1FC09F5700BB4989 /* Assets.xcassets */ = {isa = PBXFileReference; lastKnownFileType = folder.assetcatalog; path = Assets.xcassets; sourceTree = "<group>"; };
		A4679BB11FC09F5700BB4989 /* Base */ = {isa = PBXFileReference; lastKnownFileType = file.storyboard; name = Base; path = Base.lproj/LaunchScreen.storyboard; sourceTree = "<group>"; };
		A4679BB31FC09F5700BB4989 /* Info.plist */ = {isa = PBXFileReference; lastKnownFileType = text.plist.xml; path = Info.plist; sourceTree = "<group>"; };
		A4C49AE21FC262C600B9060E /* GradientView.swift */ = {isa = PBXFileReference; lastKnownFileType = sourcecode.swift; path = GradientView.swift; sourceTree = "<group>"; };
		A4C49AE41FC266E600B9060E /* RequestRideController.swift */ = {isa = PBXFileReference; lastKnownFileType = sourcecode.swift; path = RequestRideController.swift; sourceTree = "<group>"; };
		A4DEAB9E1FC295B5007FDF26 /* RoundImageView.swift */ = {isa = PBXFileReference; lastKnownFileType = sourcecode.swift; path = RoundImageView.swift; sourceTree = "<group>"; };
		A4DEABA01FC2992B007FDF26 /* RoundedShadowView.swift */ = {isa = PBXFileReference; lastKnownFileType = sourcecode.swift; path = RoundedShadowView.swift; sourceTree = "<group>"; };
		A4DEABA21FC29A84007FDF26 /* CircleView.swift */ = {isa = PBXFileReference; lastKnownFileType = sourcecode.swift; path = CircleView.swift; sourceTree = "<group>"; };
		A4DEABA41FC29D53007FDF26 /* RoundedShadowButton.swift */ = {isa = PBXFileReference; lastKnownFileType = sourcecode.swift; path = RoundedShadowButton.swift; sourceTree = "<group>"; };
		CB5C8FD94D7C982D1B173351 /* Pods-Trvl PC.debug.xcconfig */ = {isa = PBXFileReference; includeInIndex = 1; lastKnownFileType = text.xcconfig; name = "Pods-Trvl PC.debug.xcconfig"; path = "Pods/Target Support Files/Pods-Trvl PC/Pods-Trvl PC.debug.xcconfig"; sourceTree = "<group>"; };
/* End PBXFileReference section */

/* Begin PBXFrameworksBuildPhase section */
		A4679BA11FC09F5600BB4989 /* Frameworks */ = {
			isa = PBXFrameworksBuildPhase;
			buildActionMask = 2147483647;
			files = (
				05E59D4624DD5ADDBEC9816B /* Pods_Trvl_PC.framework in Frameworks */,
			);
			runOnlyForDeploymentPostprocessing = 0;
		};
/* End PBXFrameworksBuildPhase section */

/* Begin PBXGroup section */
		2E7BEE9FC93B314A39735FBF /* Pods */ = {
			isa = PBXGroup;
			children = (
				CB5C8FD94D7C982D1B173351 /* Pods-Trvl PC.debug.xcconfig */,
				814611AB31B9C9F6CDBC6480 /* Pods-Trvl PC.release.xcconfig */,
			);
			name = Pods;
			sourceTree = "<group>";
		};
		A4679B9B1FC09F5600BB4989 = {
			isa = PBXGroup;
			children = (
				A4679BA61FC09F5700BB4989 /* Trvl PC */,
				A4679BA51FC09F5700BB4989 /* Products */,
				2E7BEE9FC93B314A39735FBF /* Pods */,
				D9F52021559787608CEF1AA2 /* Frameworks */,
			);
			sourceTree = "<group>";
		};
		A4679BA51FC09F5700BB4989 /* Products */ = {
			isa = PBXGroup;
			children = (
				A4679BA41FC09F5700BB4989 /* Trvl PC.app */,
			);
			name = Products;
			sourceTree = "<group>";
		};
		A4679BA61FC09F5700BB4989 /* Trvl PC */ = {
			isa = PBXGroup;
			children = (
				A4679BA71FC09F5700BB4989 /* AppDelegate.swift */,
				A4679BBB1FC0A1B300BB4989 /* Model */,
				A4679BBA1FC0A1AD00BB4989 /* View */,
				A4679BB91FC0A1A300BB4989 /* Controller */,
				A4679BAB1FC09F5700BB4989 /* Main.storyboard */,
				A4679BBC1FC0A1C000BB4989 /* Supporting FIles */,
			);
			path = "Trvl PC";
			sourceTree = "<group>";
		};
		A4679BB91FC0A1A300BB4989 /* Controller */ = {
			isa = PBXGroup;
			children = (
				A4C49AE41FC266E600B9060E /* RequestRideController.swift */,
			);
			path = Controller;
			sourceTree = "<group>";
		};
		A4679BBA1FC0A1AD00BB4989 /* View */ = {
			isa = PBXGroup;
			children = (
				A4DEAB9E1FC295B5007FDF26 /* RoundImageView.swift */,
				A4C49AE21FC262C600B9060E /* GradientView.swift */,
				A4DEABA01FC2992B007FDF26 /* RoundedShadowView.swift */,
				A4DEABA21FC29A84007FDF26 /* CircleView.swift */,
				A4DEABA41FC29D53007FDF26 /* RoundedShadowButton.swift */,
			);
			path = View;
			sourceTree = "<group>";
		};
		A4679BBB1FC0A1B300BB4989 /* Model */ = {
			isa = PBXGroup;
			children = (
			);
			path = Model;
			sourceTree = "<group>";
		};
		A4679BBC1FC0A1C000BB4989 /* Supporting FIles */ = {
			isa = PBXGroup;
			children = (
				A4679BAE1FC09F5700BB4989 /* Assets.xcassets */,
				A4679BB01FC09F5700BB4989 /* LaunchScreen.storyboard */,
				A4679BB31FC09F5700BB4989 /* Info.plist */,
			);
			path = "Supporting FIles";
			sourceTree = "<group>";
		};
		D9F52021559787608CEF1AA2 /* Frameworks */ = {
			isa = PBXGroup;
			children = (
				0DC05E092CE3AF69AA716A53 /* Pods_Trvl_PC.framework */,
			);
			name = Frameworks;
			sourceTree = "<group>";
		};
/* End PBXGroup section */

/* Begin PBXNativeTarget section */
		A4679BA31FC09F5600BB4989 /* Trvl PC */ = {
			isa = PBXNativeTarget;
			buildConfigurationList = A4679BB61FC09F5700BB4989 /* Build configuration list for PBXNativeTarget "Trvl PC" */;
			buildPhases = (
				FC258CF8A5FA67AD3A9284CE /* [CP] Check Pods Manifest.lock */,
				A4679BA01FC09F5600BB4989 /* Sources */,
				A4679BA11FC09F5600BB4989 /* Frameworks */,
				A4679BA21FC09F5600BB4989 /* Resources */,
				7EB5A0A9DADAFE896C5CE86D /* [CP] Embed Pods Frameworks */,
				C7BACAF4ED4B1999276B2D15 /* [CP] Copy Pods Resources */,
			);
			buildRules = (
			);
			dependencies = (
			);
			name = "Trvl PC";
			productName = "Trvl PC";
			productReference = A4679BA41FC09F5700BB4989 /* Trvl PC.app */;
			productType = "com.apple.product-type.application";
		};
/* End PBXNativeTarget section */

/* Begin PBXProject section */
		A4679B9C1FC09F5600BB4989 /* Project object */ = {
			isa = PBXProject;
			attributes = {
				LastSwiftUpdateCheck = 0910;
				LastUpgradeCheck = 0910;
				ORGANIZATIONNAME = "trvl, LLC";
				TargetAttributes = {
					A4679BA31FC09F5600BB4989 = {
						CreatedOnToolsVersion = 9.1;
						ProvisioningStyle = Automatic;
					};
				};
			};
			buildConfigurationList = A4679B9F1FC09F5600BB4989 /* Build configuration list for PBXProject "Trvl PC" */;
			compatibilityVersion = "Xcode 8.0";
			developmentRegion = en;
			hasScannedForEncodings = 0;
			knownRegions = (
				en,
				Base,
			);
			mainGroup = A4679B9B1FC09F5600BB4989;
			productRefGroup = A4679BA51FC09F5700BB4989 /* Products */;
			projectDirPath = "";
			projectRoot = "";
			targets = (
				A4679BA31FC09F5600BB4989 /* Trvl PC */,
			);
		};
/* End PBXProject section */

/* Begin PBXResourcesBuildPhase section */
		A4679BA21FC09F5600BB4989 /* Resources */ = {
			isa = PBXResourcesBuildPhase;
			buildActionMask = 2147483647;
			files = (
				A4679BB21FC09F5700BB4989 /* LaunchScreen.storyboard in Resources */,
				A4679BAF1FC09F5700BB4989 /* Assets.xcassets in Resources */,
				A4679BAD1FC09F5700BB4989 /* Main.storyboard in Resources */,
			);
			runOnlyForDeploymentPostprocessing = 0;
		};
/* End PBXResourcesBuildPhase section */

/* Begin PBXShellScriptBuildPhase section */
		7EB5A0A9DADAFE896C5CE86D /* [CP] Embed Pods Frameworks */ = {
			isa = PBXShellScriptBuildPhase;
			buildActionMask = 2147483647;
			files = (
			);
			inputPaths = (
				"${SRCROOT}/Pods/Target Support Files/Pods-Trvl PC/Pods-Trvl PC-frameworks.sh",
				"${BUILT_PRODUCTS_DIR}/GTMSessionFetcher/GTMSessionFetcher.framework",
				"${BUILT_PRODUCTS_DIR}/GoogleToolboxForMac/GoogleToolboxForMac.framework",
				"${BUILT_PRODUCTS_DIR}/RevealingSplashView/RevealingSplashView.framework",
			);
			name = "[CP] Embed Pods Frameworks";
			outputPaths = (
				"${TARGET_BUILD_DIR}/${FRAMEWORKS_FOLDER_PATH}/GTMSessionFetcher.framework",
				"${TARGET_BUILD_DIR}/${FRAMEWORKS_FOLDER_PATH}/GoogleToolboxForMac.framework",
				"${TARGET_BUILD_DIR}/${FRAMEWORKS_FOLDER_PATH}/RevealingSplashView.framework",
			);
			runOnlyForDeploymentPostprocessing = 0;
			shellPath = /bin/sh;
			shellScript = "\"${SRCROOT}/Pods/Target Support Files/Pods-Trvl PC/Pods-Trvl PC-frameworks.sh\"\n";
			showEnvVarsInLog = 0;
		};
		C7BACAF4ED4B1999276B2D15 /* [CP] Copy Pods Resources */ = {
			isa = PBXShellScriptBuildPhase;
			buildActionMask = 2147483647;
			files = (
			);
			inputPaths = (
			);
			name = "[CP] Copy Pods Resources";
			outputPaths = (
			);
			runOnlyForDeploymentPostprocessing = 0;
			shellPath = /bin/sh;
			shellScript = "\"${SRCROOT}/Pods/Target Support Files/Pods-Trvl PC/Pods-Trvl PC-resources.sh\"\n";
			showEnvVarsInLog = 0;
		};
		FC258CF8A5FA67AD3A9284CE /* [CP] Check Pods Manifest.lock */ = {
			isa = PBXShellScriptBuildPhase;
			buildActionMask = 2147483647;
			files = (
			);
			inputPaths = (
				"${PODS_PODFILE_DIR_PATH}/Podfile.lock",
				"${PODS_ROOT}/Manifest.lock",
			);
			name = "[CP] Check Pods Manifest.lock";
			outputPaths = (
				"$(DERIVED_FILE_DIR)/Pods-Trvl PC-checkManifestLockResult.txt",
			);
			runOnlyForDeploymentPostprocessing = 0;
			shellPath = /bin/sh;
			shellScript = "diff \"${PODS_PODFILE_DIR_PATH}/Podfile.lock\" \"${PODS_ROOT}/Manifest.lock\" > /dev/null\nif [ $? != 0 ] ; then\n    # print error to STDERR\n    echo \"error: The sandbox is not in sync with the Podfile.lock. Run 'pod install' or update your CocoaPods installation.\" >&2\n    exit 1\nfi\n# This output is used by Xcode 'outputs' to avoid re-running this script phase.\necho \"SUCCESS\" > \"${SCRIPT_OUTPUT_FILE_0}\"\n";
			showEnvVarsInLog = 0;
		};
/* End PBXShellScriptBuildPhase section */

/* Begin PBXSourcesBuildPhase section */
		A4679BA01FC09F5600BB4989 /* Sources */ = {
			isa = PBXSourcesBuildPhase;
			buildActionMask = 2147483647;
			files = (
				A4DEABA51FC29D53007FDF26 /* RoundedShadowButton.swift in Sources */,
				A4DEABA31FC29A84007FDF26 /* CircleView.swift in Sources */,
				A4C49AE31FC262C600B9060E /* GradientView.swift in Sources */,
				A4DEAB9F1FC295B5007FDF26 /* RoundImageView.swift in Sources */,
				A4DEABA11FC2992B007FDF26 /* RoundedShadowView.swift in Sources */,
				A4C49AE51FC266E600B9060E /* RequestRideController.swift in Sources */,
				A4679BA81FC09F5700BB4989 /* AppDelegate.swift in Sources */,
			);
			runOnlyForDeploymentPostprocessing = 0;
		};
/* End PBXSourcesBuildPhase section */

/* Begin PBXVariantGroup section */
		A4679BAB1FC09F5700BB4989 /* Main.storyboard */ = {
			isa = PBXVariantGroup;
			children = (
				A4679BAC1FC09F5700BB4989 /* Base */,
			);
			name = Main.storyboard;
			sourceTree = "<group>";
		};
		A4679BB01FC09F5700BB4989 /* LaunchScreen.storyboard */ = {
			isa = PBXVariantGroup;
			children = (
				A4679BB11FC09F5700BB4989 /* Base */,
			);
			name = LaunchScreen.storyboard;
			sourceTree = "<group>";
		};
/* End PBXVariantGroup section */

/* Begin XCBuildConfiguration section */
		A4679BB41FC09F5700BB4989 /* Debug */ = {
			isa = XCBuildConfiguration;
			buildSettings = {
				ALWAYS_SEARCH_USER_PATHS = NO;
				CLANG_ANALYZER_NONNULL = YES;
				CLANG_ANALYZER_NUMBER_OBJECT_CONVERSION = YES_AGGRESSIVE;
				CLANG_CXX_LANGUAGE_STANDARD = "gnu++14";
				CLANG_CXX_LIBRARY = "libc++";
				CLANG_ENABLE_MODULES = YES;
				CLANG_ENABLE_OBJC_ARC = YES;
				CLANG_WARN_BLOCK_CAPTURE_AUTORELEASING = YES;
				CLANG_WARN_BOOL_CONVERSION = YES;
				CLANG_WARN_COMMA = YES;
				CLANG_WARN_CONSTANT_CONVERSION = YES;
				CLANG_WARN_DIRECT_OBJC_ISA_USAGE = YES_ERROR;
				CLANG_WARN_DOCUMENTATION_COMMENTS = YES;
				CLANG_WARN_EMPTY_BODY = YES;
				CLANG_WARN_ENUM_CONVERSION = YES;
				CLANG_WARN_INFINITE_RECURSION = YES;
				CLANG_WARN_INT_CONVERSION = YES;
				CLANG_WARN_NON_LITERAL_NULL_CONVERSION = YES;
				CLANG_WARN_OBJC_LITERAL_CONVERSION = YES;
				CLANG_WARN_OBJC_ROOT_CLASS = YES_ERROR;
				CLANG_WARN_RANGE_LOOP_ANALYSIS = YES;
				CLANG_WARN_STRICT_PROTOTYPES = YES;
				CLANG_WARN_SUSPICIOUS_MOVE = YES;
				CLANG_WARN_UNGUARDED_AVAILABILITY = YES_AGGRESSIVE;
				CLANG_WARN_UNREACHABLE_CODE = YES;
				CLANG_WARN__DUPLICATE_METHOD_MATCH = YES;
				CODE_SIGN_IDENTITY = "iPhone Developer";
				COPY_PHASE_STRIP = NO;
				DEBUG_INFORMATION_FORMAT = dwarf;
				ENABLE_STRICT_OBJC_MSGSEND = YES;
				ENABLE_TESTABILITY = YES;
				GCC_C_LANGUAGE_STANDARD = gnu11;
				GCC_DYNAMIC_NO_PIC = NO;
				GCC_NO_COMMON_BLOCKS = YES;
				GCC_OPTIMIZATION_LEVEL = 0;
				GCC_PREPROCESSOR_DEFINITIONS = (
					"DEBUG=1",
					"$(inherited)",
				);
				GCC_WARN_64_TO_32_BIT_CONVERSION = YES;
				GCC_WARN_ABOUT_RETURN_TYPE = YES_ERROR;
				GCC_WARN_UNDECLARED_SELECTOR = YES;
				GCC_WARN_UNINITIALIZED_AUTOS = YES_AGGRESSIVE;
				GCC_WARN_UNUSED_FUNCTION = YES;
				GCC_WARN_UNUSED_VARIABLE = YES;
				IPHONEOS_DEPLOYMENT_TARGET = 11.1;
				MTL_ENABLE_DEBUG_INFO = YES;
				ONLY_ACTIVE_ARCH = YES;
				SDKROOT = iphoneos;
				SWIFT_ACTIVE_COMPILATION_CONDITIONS = DEBUG;
				SWIFT_OPTIMIZATION_LEVEL = "-Onone";
			};
			name = Debug;
		};
		A4679BB51FC09F5700BB4989 /* Release */ = {
			isa = XCBuildConfiguration;
			buildSettings = {
				ALWAYS_SEARCH_USER_PATHS = NO;
				CLANG_ANALYZER_NONNULL = YES;
				CLANG_ANALYZER_NUMBER_OBJECT_CONVERSION = YES_AGGRESSIVE;
				CLANG_CXX_LANGUAGE_STANDARD = "gnu++14";
				CLANG_CXX_LIBRARY = "libc++";
				CLANG_ENABLE_MODULES = YES;
				CLANG_ENABLE_OBJC_ARC = YES;
				CLANG_WARN_BLOCK_CAPTURE_AUTORELEASING = YES;
				CLANG_WARN_BOOL_CONVERSION = YES;
				CLANG_WARN_COMMA = YES;
				CLANG_WARN_CONSTANT_CONVERSION = YES;
				CLANG_WARN_DIRECT_OBJC_ISA_USAGE = YES_ERROR;
				CLANG_WARN_DOCUMENTATION_COMMENTS = YES;
				CLANG_WARN_EMPTY_BODY = YES;
				CLANG_WARN_ENUM_CONVERSION = YES;
				CLANG_WARN_INFINITE_RECURSION = YES;
				CLANG_WARN_INT_CONVERSION = YES;
				CLANG_WARN_NON_LITERAL_NULL_CONVERSION = YES;
				CLANG_WARN_OBJC_LITERAL_CONVERSION = YES;
				CLANG_WARN_OBJC_ROOT_CLASS = YES_ERROR;
				CLANG_WARN_RANGE_LOOP_ANALYSIS = YES;
				CLANG_WARN_STRICT_PROTOTYPES = YES;
				CLANG_WARN_SUSPICIOUS_MOVE = YES;
				CLANG_WARN_UNGUARDED_AVAILABILITY = YES_AGGRESSIVE;
				CLANG_WARN_UNREACHABLE_CODE = YES;
				CLANG_WARN__DUPLICATE_METHOD_MATCH = YES;
				CODE_SIGN_IDENTITY = "iPhone Developer";
				COPY_PHASE_STRIP = NO;
				DEBUG_INFORMATION_FORMAT = "dwarf-with-dsym";
				ENABLE_NS_ASSERTIONS = NO;
				ENABLE_STRICT_OBJC_MSGSEND = YES;
				GCC_C_LANGUAGE_STANDARD = gnu11;
				GCC_NO_COMMON_BLOCKS = YES;
				GCC_WARN_64_TO_32_BIT_CONVERSION = YES;
				GCC_WARN_ABOUT_RETURN_TYPE = YES_ERROR;
				GCC_WARN_UNDECLARED_SELECTOR = YES;
				GCC_WARN_UNINITIALIZED_AUTOS = YES_AGGRESSIVE;
				GCC_WARN_UNUSED_FUNCTION = YES;
				GCC_WARN_UNUSED_VARIABLE = YES;
				IPHONEOS_DEPLOYMENT_TARGET = 11.1;
				MTL_ENABLE_DEBUG_INFO = NO;
				SDKROOT = iphoneos;
				SWIFT_OPTIMIZATION_LEVEL = "-Owholemodule";
				VALIDATE_PRODUCT = YES;
			};
			name = Release;
		};
		A4679BB71FC09F5700BB4989 /* Debug */ = {
			isa = XCBuildConfiguration;
			baseConfigurationReference = CB5C8FD94D7C982D1B173351 /* Pods-Trvl PC.debug.xcconfig */;
			buildSettings = {
				ASSETCATALOG_COMPILER_APPICON_NAME = AppIcon;
				CODE_SIGN_STYLE = Automatic;
				DEVELOPMENT_TEAM = 6D9CKTK39V;
				INFOPLIST_FILE = "$(SRCROOT)/Trvl PC/Supporting FIles/Info.plist";
				LD_RUNPATH_SEARCH_PATHS = "$(inherited) @executable_path/Frameworks";
				PRODUCT_BUNDLE_IDENTIFIER = "com.jsanchezrides.Trvl-PC";
				PRODUCT_NAME = "$(TARGET_NAME)";
				SWIFT_VERSION = 4.0;
				TARGETED_DEVICE_FAMILY = "1,2";
			};
			name = Debug;
		};
		A4679BB81FC09F5700BB4989 /* Release */ = {
			isa = XCBuildConfiguration;
			baseConfigurationReference = 814611AB31B9C9F6CDBC6480 /* Pods-Trvl PC.release.xcconfig */;
			buildSettings = {
				ASSETCATALOG_COMPILER_APPICON_NAME = AppIcon;
				CODE_SIGN_STYLE = Automatic;
				DEVELOPMENT_TEAM = 6D9CKTK39V;
				INFOPLIST_FILE = "$(SRCROOT)/Trvl PC/Supporting FIles/Info.plist";
				LD_RUNPATH_SEARCH_PATHS = "$(inherited) @executable_path/Frameworks";
				PRODUCT_BUNDLE_IDENTIFIER = "com.jsanchezrides.Trvl-PC";
				PRODUCT_NAME = "$(TARGET_NAME)";
				SWIFT_VERSION = 4.0;
				TARGETED_DEVICE_FAMILY = "1,2";
			};
			name = Release;
		};
/* End XCBuildConfiguration section */

/* Begin XCConfigurationList section */
		A4679B9F1FC09F5600BB4989 /* Build configuration list for PBXProject "Trvl PC" */ = {
			isa = XCConfigurationList;
			buildConfigurations = (
				A4679BB41FC09F5700BB4989 /* Debug */,
				A4679BB51FC09F5700BB4989 /* Release */,
			);
			defaultConfigurationIsVisible = 0;
			defaultConfigurationName = Release;
		};
		A4679BB61FC09F5700BB4989 /* Build configuration list for PBXNativeTarget "Trvl PC" */ = {
			isa = XCConfigurationList;
			buildConfigurations = (
				A4679BB71FC09F5700BB4989 /* Debug */,
				A4679BB81FC09F5700BB4989 /* Release */,
			);
			defaultConfigurationIsVisible = 0;
			defaultConfigurationName = Release;
		};
/* End XCConfigurationList section */
	};
	rootObject = A4679B9C1FC09F5600BB4989 /* Project object */;
}
